
Microsoft Visual Studio Solution File, Format Version 12.00
# Visual Studio 15
VisualStudioVersion = 15.0.27703.1
MinimumVisualStudioVersion = 10.0.40219.1
Project("{9A19103F-16F7-4668-BE54-9A1E7A4F7556}") = "Cake.Figlet", "Cake.Figlet\Cake.Figlet.csproj", "{B21F3DE6-636C-4EE7-A71F-A24F2034F0B2}"
EndProject
Project("{9A19103F-16F7-4668-BE54-9A1E7A4F7556}") = "Cake.Figlet.Tests", "Cake.Figlet.Tests\Cake.Figlet.Tests.csproj", "{811AA832-B809-45DC-8FFD-ABE455872658}"
EndProject
Project("{2150E333-8FDC-42A3-9474-1A3956D46DE8}") = "Build", "Build", "{B0EB6B77-6116-4FF5-B71B-6587BFB4B1F9}"
	ProjectSection(SolutionItems) = preProject
		..\setup.cake = ..\setup.cake
	EndProjectSection
EndProject
Project("{2150E333-8FDC-42A3-9474-1A3956D46DE8}") = "nuspec", "nuspec", "{A63B599C-492D-44CE-8FAD-30A87A4ED1C6}"
	ProjectSection(SolutionItems) = preProject
		..\nuspec\nuget\Cake.Figlet.nuspec = ..\nuspec\nuget\Cake.Figlet.nuspec
	EndProjectSection
EndProject
Global
	GlobalSection(SolutionConfigurationPlatforms) = preSolution
		Debug|Any CPU = Debug|Any CPU
		Release|Any CPU = Release|Any CPU
	EndGlobalSection
	GlobalSection(ProjectConfigurationPlatforms) = postSolution
		{B21F3DE6-636C-4EE7-A71F-A24F2034F0B2}.Debug|Any CPU.ActiveCfg = Debug|Any CPU
		{B21F3DE6-636C-4EE7-A71F-A24F2034F0B2}.Debug|Any CPU.Build.0 = Debug|Any CPU
		{B21F3DE6-636C-4EE7-A71F-A24F2034F0B2}.Release|Any CPU.ActiveCfg = Release|Any CPU
		{B21F3DE6-636C-4EE7-A71F-A24F2034F0B2}.Release|Any CPU.Build.0 = Release|Any CPU
		{811AA832-B809-45DC-8FFD-ABE455872658}.Debug|Any CPU.ActiveCfg = Debug|Any CPU
		{811AA832-B809-45DC-8FFD-ABE455872658}.Debug|Any CPU.Build.0 = Debug|Any CPU
		{811AA832-B809-45DC-8FFD-ABE455872658}.Release|Any CPU.ActiveCfg = Release|Any CPU
		{811AA832-B809-45DC-8FFD-ABE455872658}.Release|Any CPU.Build.0 = Release|Any CPU
	EndGlobalSection
	GlobalSection(SolutionProperties) = preSolution
		HideSolutionNode = FALSE
	EndGlobalSection
	GlobalSection(NestedProjects) = preSolution
		{A63B599C-492D-44CE-8FAD-30A87A4ED1C6} = {B0EB6B77-6116-4FF5-B71B-6587BFB4B1F9}
	EndGlobalSection
	GlobalSection(ExtensibilityGlobals) = postSolution
		SolutionGuid = {5786BE1D-BAC0-4998-9EF9-9AD20AB06476}
	EndGlobalSection
EndGlobal
